
Microsoft Visual Studio Solution File, Format Version 12.00
# Visual Studio 15
VisualStudioVersion = 15.0.27130.2027
MinimumVisualStudioVersion = 10.0.40219.1
Project("{8BC9CEB8-8B4A-11D0-8D11-00A0C91BC942}") = "MOAEngine", "MOAEngine\MOAEngine.vcxproj", "{249DE26D-6CD8-44AC-A567-770677C6BBE3}"
EndProject
Project("{8BC9CEB8-8B4A-11D0-8D11-00A0C91BC942}") = "RenderingLibrary", "RenderingLibrary\RenderingLibrary\RenderingLibrary.vcxproj", "{1C26E9CC-1198-49A0-AFB7-EFEA18A22EAF}"
EndProject
Global
	GlobalSection(SolutionConfigurationPlatforms) = preSolution
		Debug|x64 = Debug|x64
		Debug|x86 = Debug|x86
		Release|x64 = Release|x64
		Release|x86 = Release|x86
	EndGlobalSection
	GlobalSection(ProjectConfigurationPlatforms) = postSolution
		{249DE26D-6CD8-44AC-A567-770677C6BBE3}.Debug|x64.ActiveCfg = Debug|x64
		{249DE26D-6CD8-44AC-A567-770677C6BBE3}.Debug|x64.Build.0 = Debug|x64
		{249DE26D-6CD8-44AC-A567-770677C6BBE3}.Debug|x86.ActiveCfg = Debug|Win32
		{249DE26D-6CD8-44AC-A567-770677C6BBE3}.Debug|x86.Build.0 = Debug|Win32
		{249DE26D-6CD8-44AC-A567-770677C6BBE3}.Release|x64.ActiveCfg = Release|x64
		{249DE26D-6CD8-44AC-A567-770677C6BBE3}.Release|x64.Build.0 = Release|x64
		{249DE26D-6CD8-44AC-A567-770677C6BBE3}.Release|x86.ActiveCfg = Release|Win32
		{249DE26D-6CD8-44AC-A567-770677C6BBE3}.Release|x86.Build.0 = Release|Win32
		{1C26E9CC-1198-49A0-AFB7-EFEA18A22EAF}.Debug|x64.ActiveCfg = Debug|x64
		{1C26E9CC-1198-49A0-AFB7-EFEA18A22EAF}.Debug|x64.Build.0 = Debug|x64
		{1C26E9CC-1198-49A0-AFB7-EFEA18A22EAF}.Debug|x86.ActiveCfg = Debug|Win32
		{1C26E9CC-1198-49A0-AFB7-EFEA18A22EAF}.Debug|x86.Build.0 = Debug|Win32
		{1C26E9CC-1198-49A0-AFB7-EFEA18A22EAF}.Release|x64.ActiveCfg = Release|x64
		{1C26E9CC-1198-49A0-AFB7-EFEA18A22EAF}.Release|x64.Build.0 = Release|x64
		{1C26E9CC-1198-49A0-AFB7-EFEA18A22EAF}.Release|x86.ActiveCfg = Release|Win32
		{1C26E9CC-1198-49A0-AFB7-EFEA18A22EAF}.Release|x86.Build.0 = Release|Win32
	EndGlobalSection
	GlobalSection(SolutionProperties) = preSolution
		HideSolutionNode = FALSE
	EndGlobalSection
	GlobalSection(ExtensibilityGlobals) = postSolution
		SolutionGuid = {2AB825BA-C0B6-4F64-A169-2B2E9160EDF1}
	EndGlobalSection
EndGlobal
